// !$*UTF8*$!
{
	archiveVersion = 1;
	classes = {
	};
	objectVersion = 46;
	objects = {

/* Begin PBXBuildFile section */
		360C31BD1971B03D003D1E53 /* ClassicalStateMachineChordGen.swift in Sources */ = {isa = PBXBuildFile; fileRef = 360C31BC1971B03D003D1E53 /* ClassicalStateMachineChordGen.swift */; };
		361A5EA319483347000B51A0 /* AppDelegate.swift in Sources */ = {isa = PBXBuildFile; fileRef = 361A5EA219483347000B51A0 /* AppDelegate.swift */; };
		361A5EA519483347000B51A0 /* Images.xcassets in Resources */ = {isa = PBXBuildFile; fileRef = 361A5EA419483347000B51A0 /* Images.xcassets */; };
		361A5EB119483347000B51A0 /* TestAudioTests.swift in Sources */ = {isa = PBXBuildFile; fileRef = 361A5EB019483347000B51A0 /* TestAudioTests.swift */; };
		361A5EBB1948337A000B51A0 /* AVFoundation.framework in Frameworks */ = {isa = PBXBuildFile; fileRef = 361A5EBA1948337A000B51A0 /* AVFoundation.framework */; };
		361C3005194CE2CE00A61A63 /* PLMusicPlayer.swift in Sources */ = {isa = PBXBuildFile; fileRef = 361C3004194CE2CE00A61A63 /* PLMusicPlayer.swift */; };
		361C300A194CE44500A61A63 /* PLMusicPlayerNote.swift in Sources */ = {isa = PBXBuildFile; fileRef = 361C3009194CE44500A61A63 /* PLMusicPlayerNote.swift */; };
		361C300C194E4CF700A61A63 /* TestMusicPlayer.swift in Sources */ = {isa = PBXBuildFile; fileRef = 361C300B194E4CF700A61A63 /* TestMusicPlayer.swift */; };
		361C300F194E70C600A61A63 /* AccurateDispatchTimer.swift in Sources */ = {isa = PBXBuildFile; fileRef = 361C300E194E70C600A61A63 /* AccurateDispatchTimer.swift */; };
		361C3013194FEFC300A61A63 /* ChordData.swift in Sources */ = {isa = PBXBuildFile; fileRef = 361C3012194FEFC300A61A63 /* ChordData.swift */; };
		361C3015194FF1F700A61A63 /* JazzChordGenerator.swift in Sources */ = {isa = PBXBuildFile; fileRef = 361C3014194FF1F700A61A63 /* JazzChordGenerator.swift */; };
		361C3017194FF27E00A61A63 /* ChordMeasure.swift in Sources */ = {isa = PBXBuildFile; fileRef = 361C3016194FF27E00A61A63 /* ChordMeasure.swift */; };
		361C301A194FF4E400A61A63 /* RandomArrayExtension.swift in Sources */ = {isa = PBXBuildFile; fileRef = 361C3019194FF4E400A61A63 /* RandomArrayExtension.swift */; };
		361C30201952B85300A61A63 /* ChordFactory.swift in Sources */ = {isa = PBXBuildFile; fileRef = 361C301F1952B85300A61A63 /* ChordFactory.swift */; };
		361C30231953DBF500A61A63 /* JazzMelodyGenerator.swift in Sources */ = {isa = PBXBuildFile; fileRef = 361C30221953DBF500A61A63 /* JazzMelodyGenerator.swift */; };
		361C30261953EEBF00A61A63 /* MelodyMeasure.swift in Sources */ = {isa = PBXBuildFile; fileRef = 361C30251953EEBF00A61A63 /* MelodyMeasure.swift */; };
		362F1D10196286F100E5D200 /* BasslineGenerator.swift in Sources */ = {isa = PBXBuildFile; fileRef = 362F1D0F196286F100E5D200 /* BasslineGenerator.swift */; };
		362F1D12196287F600E5D200 /* MusicUtil+Finder.swift in Sources */ = {isa = PBXBuildFile; fileRef = 362F1D11196287F600E5D200 /* MusicUtil+Finder.swift */; };
		362F1D151965204600E5D200 /* RhythmSectionGenerator.swift in Sources */ = {isa = PBXBuildFile; fileRef = 362F1D141965204600E5D200 /* RhythmSectionGenerator.swift */; };
		362F1D211968EA1700E5D200 /* trumpet.sf2 in Resources */ = {isa = PBXBuildFile; fileRef = 362F1D201968EA1700E5D200 /* trumpet.sf2 */; };
		362F1D231968F43F00E5D200 /* sax.sf2 in Resources */ = {isa = PBXBuildFile; fileRef = 362F1D221968F43F00E5D200 /* sax.sf2 */; };
		362F1D25196BA2C600E5D200 /* drums.sf2 in Resources */ = {isa = PBXBuildFile; fileRef = 362F1D24196BA2C600E5D200 /* drums.sf2 */; };
		362F1D28196BA5C200E5D200 /* DrumGenerator.swift in Sources */ = {isa = PBXBuildFile; fileRef = 362F1D27196BA5C200E5D200 /* DrumGenerator.swift */; };
		362F1D2A196BAB8200E5D200 /* MusicUtil+NotePicker.swift in Sources */ = {isa = PBXBuildFile; fileRef = 362F1D29196BAB8200E5D200 /* MusicUtil+NotePicker.swift */; };
		36480ADA197B0B4D00AD76C0 /* SubdominantChordGen.swift in Sources */ = {isa = PBXBuildFile; fileRef = 36480AD9197B0B4D00AD76C0 /* SubdominantChordGen.swift */; };
		36480ADC197B145900AD76C0 /* Circle5ChordGen.swift in Sources */ = {isa = PBXBuildFile; fileRef = 36480ADB197B145900AD76C0 /* Circle5ChordGen.swift */; };
		368FB13719735E5500509FAB /* ChordVoicer.swift in Sources */ = {isa = PBXBuildFile; fileRef = 368FB13619735E5500509FAB /* ChordVoicer.swift */; };
		368FB13A19746D0200509FAB /* SongComposer.swift in Sources */ = {isa = PBXBuildFile; fileRef = 368FB13919746D0200509FAB /* SongComposer.swift */; };
		368FB13C197483F300509FAB /* MusicUtil+Transpose.swift in Sources */ = {isa = PBXBuildFile; fileRef = 368FB13B197483F300509FAB /* MusicUtil+Transpose.swift */; };
		368FB13E19748A6E00509FAB /* MusicUtil+Scales.swift in Sources */ = {isa = PBXBuildFile; fileRef = 368FB13D19748A6D00509FAB /* MusicUtil+Scales.swift */; };
		36A4FCCB196E3B8700754927 /* MelodyRhythmGenerator.swift in Sources */ = {isa = PBXBuildFile; fileRef = 36A4FCCA196E3B8700754927 /* MelodyRhythmGenerator.swift */; };
		36A8105A1978785200A1E328 /* jazzBass.sf2 in Resources */ = {isa = PBXBuildFile; fileRef = 36A810591978785200A1E328 /* jazzBass.sf2 */; };
		36A8105C1978786700A1E328 /* Piano.sf2 in Resources */ = {isa = PBXBuildFile; fileRef = 36A8105B1978786700A1E328 /* Piano.sf2 */; };
		36A8E901196F0FA70083C2F5 /* ChordGenProtocol.swift in Sources */ = {isa = PBXBuildFile; fileRef = 36A8E900196F0FA70083C2F5 /* ChordGenProtocol.swift */; };
		36A8E903196F10850083C2F5 /* TwoFiveOneChordGen.swift in Sources */ = {isa = PBXBuildFile; fileRef = 36A8E902196F10850083C2F5 /* TwoFiveOneChordGen.swift */; };
		36AEF2AD1953F84200ACAED1 /* ScoreCreator.swift in Sources */ = {isa = PBXBuildFile; fileRef = 36AEF2AC1953F84200ACAED1 /* ScoreCreator.swift */; };
		36B97332195D3DC4007BF730 /* JazzMelodyGenerator2.swift in Sources */ = {isa = PBXBuildFile; fileRef = 36B97331195D3DC4007BF730 /* JazzMelodyGenerator2.swift */; };
		36B973351960BB75007BF730 /* MusicUtil.swift in Sources */ = {isa = PBXBuildFile; fileRef = 36B973341960BB75007BF730 /* MusicUtil.swift */; };
		36B9734219613CE9007BF730 /* MainViewController.swift in Sources */ = {isa = PBXBuildFile; fileRef = 36B9734019613CE9007BF730 /* MainViewController.swift */; };
		36B9734319613CE9007BF730 /* MainViewController.xib in Resources */ = {isa = PBXBuildFile; fileRef = 36B9734119613CE9007BF730 /* MainViewController.xib */; };
		36F0E125196F340F009A0162 /* AscendingDimChordGen.swift in Sources */ = {isa = PBXBuildFile; fileRef = 36F0E124196F340F009A0162 /* AscendingDimChordGen.swift */; };
		36F0E127196F5EE0009A0162 /* StrayCatStrutChordGen.swift in Sources */ = {isa = PBXBuildFile; fileRef = 36F0E126196F5EE0009A0162 /* StrayCatStrutChordGen.swift */; };
		36F0E129196F723F009A0162 /* RhythmChangesOneChordGen.swift in Sources */ = {isa = PBXBuildFile; fileRef = 36F0E128196F723F009A0162 /* RhythmChangesOneChordGen.swift */; };
		36F0E12B196F752E009A0162 /* RhythmChangesTwoChordGen.swift in Sources */ = {isa = PBXBuildFile; fileRef = 36F0E12A196F752E009A0162 /* RhythmChangesTwoChordGen.swift */; };
		36F0E12D196F7AD3009A0162 /* ToFlatVIIChordGen.swift in Sources */ = {isa = PBXBuildFile; fileRef = 36F0E12C196F7AD3009A0162 /* ToFlatVIIChordGen.swift */; };
/* End PBXBuildFile section */

/* Begin PBXContainerItemProxy section */
		361A5EAB19483347000B51A0 /* PBXContainerItemProxy */ = {
			isa = PBXContainerItemProxy;
			containerPortal = 361A5E9519483347000B51A0 /* Project object */;
			proxyType = 1;
			remoteGlobalIDString = 361A5E9C19483347000B51A0;
			remoteInfo = TestAudio;
		};
/* End PBXContainerItemProxy section */

/* Begin PBXFileReference section */
		360C31BC1971B03D003D1E53 /* ClassicalStateMachineChordGen.swift */ = {isa = PBXFileReference; fileEncoding = 4; lastKnownFileType = sourcecode.swift; path = ClassicalStateMachineChordGen.swift; sourceTree = "<group>"; };
		361A5E9D19483347000B51A0 /* TestAudio.app */ = {isa = PBXFileReference; explicitFileType = wrapper.application; includeInIndex = 0; path = TestAudio.app; sourceTree = BUILT_PRODUCTS_DIR; };
		361A5EA119483347000B51A0 /* Info.plist */ = {isa = PBXFileReference; lastKnownFileType = text.plist.xml; path = Info.plist; sourceTree = "<group>"; };
		361A5EA219483347000B51A0 /* AppDelegate.swift */ = {isa = PBXFileReference; lastKnownFileType = sourcecode.swift; path = AppDelegate.swift; sourceTree = "<group>"; };
		361A5EA419483347000B51A0 /* Images.xcassets */ = {isa = PBXFileReference; lastKnownFileType = folder.assetcatalog; path = Images.xcassets; sourceTree = "<group>"; };
		361A5EAA19483347000B51A0 /* TestAudioTests.xctest */ = {isa = PBXFileReference; explicitFileType = wrapper.cfbundle; includeInIndex = 0; path = TestAudioTests.xctest; sourceTree = BUILT_PRODUCTS_DIR; };
		361A5EAF19483347000B51A0 /* Info.plist */ = {isa = PBXFileReference; lastKnownFileType = text.plist.xml; path = Info.plist; sourceTree = "<group>"; };
		361A5EB019483347000B51A0 /* TestAudioTests.swift */ = {isa = PBXFileReference; lastKnownFileType = sourcecode.swift; path = TestAudioTests.swift; sourceTree = "<group>"; };
		361A5EBA1948337A000B51A0 /* AVFoundation.framework */ = {isa = PBXFileReference; lastKnownFileType = wrapper.framework; name = AVFoundation.framework; path = System/Library/Frameworks/AVFoundation.framework; sourceTree = SDKROOT; };
		361C3004194CE2CE00A61A63 /* PLMusicPlayer.swift */ = {isa = PBXFileReference; fileEncoding = 4; lastKnownFileType = sourcecode.swift; path = PLMusicPlayer.swift; sourceTree = "<group>"; };
		361C3009194CE44500A61A63 /* PLMusicPlayerNote.swift */ = {isa = PBXFileReference; fileEncoding = 4; lastKnownFileType = sourcecode.swift; path = PLMusicPlayerNote.swift; sourceTree = "<group>"; };
		361C300B194E4CF700A61A63 /* TestMusicPlayer.swift */ = {isa = PBXFileReference; fileEncoding = 4; lastKnownFileType = sourcecode.swift; path = TestMusicPlayer.swift; sourceTree = "<group>"; };
		361C300E194E70C600A61A63 /* AccurateDispatchTimer.swift */ = {isa = PBXFileReference; fileEncoding = 4; lastKnownFileType = sourcecode.swift; path = AccurateDispatchTimer.swift; sourceTree = "<group>"; };
		361C3012194FEFC300A61A63 /* ChordData.swift */ = {isa = PBXFileReference; fileEncoding = 4; lastKnownFileType = sourcecode.swift; path = ChordData.swift; sourceTree = "<group>"; };
		361C3014194FF1F700A61A63 /* JazzChordGenerator.swift */ = {isa = PBXFileReference; fileEncoding = 4; lastKnownFileType = sourcecode.swift; path = JazzChordGenerator.swift; sourceTree = "<group>"; };
		361C3016194FF27E00A61A63 /* ChordMeasure.swift */ = {isa = PBXFileReference; fileEncoding = 4; lastKnownFileType = sourcecode.swift; path = ChordMeasure.swift; sourceTree = "<group>"; };
		361C3019194FF4E400A61A63 /* RandomArrayExtension.swift */ = {isa = PBXFileReference; fileEncoding = 4; lastKnownFileType = sourcecode.swift; path = RandomArrayExtension.swift; sourceTree = "<group>"; };
		361C301F1952B85300A61A63 /* ChordFactory.swift */ = {isa = PBXFileReference; fileEncoding = 4; lastKnownFileType = sourcecode.swift; path = ChordFactory.swift; sourceTree = "<group>"; };
		361C30221953DBF500A61A63 /* JazzMelodyGenerator.swift */ = {isa = PBXFileReference; fileEncoding = 4; lastKnownFileType = sourcecode.swift; path = JazzMelodyGenerator.swift; sourceTree = "<group>"; };
		361C30251953EEBF00A61A63 /* MelodyMeasure.swift */ = {isa = PBXFileReference; fileEncoding = 4; lastKnownFileType = sourcecode.swift; path = MelodyMeasure.swift; sourceTree = "<group>"; };
		362F1D0F196286F100E5D200 /* BasslineGenerator.swift */ = {isa = PBXFileReference; fileEncoding = 4; lastKnownFileType = sourcecode.swift; path = BasslineGenerator.swift; sourceTree = "<group>"; };
		362F1D11196287F600E5D200 /* MusicUtil+Finder.swift */ = {isa = PBXFileReference; fileEncoding = 4; lastKnownFileType = sourcecode.swift; path = "MusicUtil+Finder.swift"; sourceTree = "<group>"; };
		362F1D141965204600E5D200 /* RhythmSectionGenerator.swift */ = {isa = PBXFileReference; fileEncoding = 4; lastKnownFileType = sourcecode.swift; path = RhythmSectionGenerator.swift; sourceTree = "<group>"; };
		362F1D201968EA1700E5D200 /* trumpet.sf2 */ = {isa = PBXFileReference; lastKnownFileType = file; path = trumpet.sf2; sourceTree = "<group>"; };
		362F1D221968F43F00E5D200 /* sax.sf2 */ = {isa = PBXFileReference; lastKnownFileType = file; path = sax.sf2; sourceTree = "<group>"; };
		362F1D24196BA2C600E5D200 /* drums.sf2 */ = {isa = PBXFileReference; lastKnownFileType = file; path = drums.sf2; sourceTree = "<group>"; };
		362F1D27196BA5C200E5D200 /* DrumGenerator.swift */ = {isa = PBXFileReference; fileEncoding = 4; lastKnownFileType = sourcecode.swift; path = DrumGenerator.swift; sourceTree = "<group>"; };
		362F1D29196BAB8200E5D200 /* MusicUtil+NotePicker.swift */ = {isa = PBXFileReference; fileEncoding = 4; lastKnownFileType = sourcecode.swift; path = "MusicUtil+NotePicker.swift"; sourceTree = "<group>"; };
		36480AD9197B0B4D00AD76C0 /* SubdominantChordGen.swift */ = {isa = PBXFileReference; fileEncoding = 4; lastKnownFileType = sourcecode.swift; path = SubdominantChordGen.swift; sourceTree = "<group>"; };
		36480ADB197B145900AD76C0 /* Circle5ChordGen.swift */ = {isa = PBXFileReference; fileEncoding = 4; lastKnownFileType = sourcecode.swift; path = Circle5ChordGen.swift; sourceTree = "<group>"; };
		368FB13619735E5500509FAB /* ChordVoicer.swift */ = {isa = PBXFileReference; fileEncoding = 4; lastKnownFileType = sourcecode.swift; path = ChordVoicer.swift; sourceTree = "<group>"; };
		368FB13919746D0200509FAB /* SongComposer.swift */ = {isa = PBXFileReference; fileEncoding = 4; lastKnownFileType = sourcecode.swift; path = SongComposer.swift; sourceTree = "<group>"; };
		368FB13B197483F300509FAB /* MusicUtil+Transpose.swift */ = {isa = PBXFileReference; fileEncoding = 4; lastKnownFileType = sourcecode.swift; path = "MusicUtil+Transpose.swift"; sourceTree = "<group>"; };
		368FB13D19748A6D00509FAB /* MusicUtil+Scales.swift */ = {isa = PBXFileReference; fileEncoding = 4; lastKnownFileType = sourcecode.swift; path = "MusicUtil+Scales.swift"; sourceTree = "<group>"; };
		36A4FCCA196E3B8700754927 /* MelodyRhythmGenerator.swift */ = {isa = PBXFileReference; fileEncoding = 4; lastKnownFileType = sourcecode.swift; path = MelodyRhythmGenerator.swift; sourceTree = "<group>"; };
		36A810591978785200A1E328 /* jazzBass.sf2 */ = {isa = PBXFileReference; lastKnownFileType = file; path = jazzBass.sf2; sourceTree = "<group>"; };
		36A8105B1978786700A1E328 /* Piano.sf2 */ = {isa = PBXFileReference; lastKnownFileType = file; path = Piano.sf2; sourceTree = "<group>"; };
		36A8E900196F0FA70083C2F5 /* ChordGenProtocol.swift */ = {isa = PBXFileReference; fileEncoding = 4; lastKnownFileType = sourcecode.swift; path = ChordGenProtocol.swift; sourceTree = "<group>"; };
		36A8E902196F10850083C2F5 /* TwoFiveOneChordGen.swift */ = {isa = PBXFileReference; fileEncoding = 4; lastKnownFileType = sourcecode.swift; path = TwoFiveOneChordGen.swift; sourceTree = "<group>"; };
		36AEF2AC1953F84200ACAED1 /* ScoreCreator.swift */ = {isa = PBXFileReference; fileEncoding = 4; lastKnownFileType = sourcecode.swift; path = ScoreCreator.swift; sourceTree = "<group>"; };
		36B97331195D3DC4007BF730 /* JazzMelodyGenerator2.swift */ = {isa = PBXFileReference; fileEncoding = 4; lastKnownFileType = sourcecode.swift; path = JazzMelodyGenerator2.swift; sourceTree = "<group>"; };
		36B973341960BB75007BF730 /* MusicUtil.swift */ = {isa = PBXFileReference; fileEncoding = 4; lastKnownFileType = sourcecode.swift; path = MusicUtil.swift; sourceTree = "<group>"; };
		36B9734019613CE9007BF730 /* MainViewController.swift */ = {isa = PBXFileReference; fileEncoding = 4; lastKnownFileType = sourcecode.swift; path = MainViewController.swift; sourceTree = "<group>"; };
		36B9734119613CE9007BF730 /* MainViewController.xib */ = {isa = PBXFileReference; fileEncoding = 4; lastKnownFileType = file.xib; path = MainViewController.xib; sourceTree = "<group>"; };
		36F0E124196F340F009A0162 /* AscendingDimChordGen.swift */ = {isa = PBXFileReference; fileEncoding = 4; lastKnownFileType = sourcecode.swift; path = AscendingDimChordGen.swift; sourceTree = "<group>"; };
		36F0E126196F5EE0009A0162 /* StrayCatStrutChordGen.swift */ = {isa = PBXFileReference; fileEncoding = 4; lastKnownFileType = sourcecode.swift; path = StrayCatStrutChordGen.swift; sourceTree = "<group>"; };
		36F0E128196F723F009A0162 /* RhythmChangesOneChordGen.swift */ = {isa = PBXFileReference; fileEncoding = 4; lastKnownFileType = sourcecode.swift; path = RhythmChangesOneChordGen.swift; sourceTree = "<group>"; };
		36F0E12A196F752E009A0162 /* RhythmChangesTwoChordGen.swift */ = {isa = PBXFileReference; fileEncoding = 4; lastKnownFileType = sourcecode.swift; path = RhythmChangesTwoChordGen.swift; sourceTree = "<group>"; };
		36F0E12C196F7AD3009A0162 /* ToFlatVIIChordGen.swift */ = {isa = PBXFileReference; fileEncoding = 4; lastKnownFileType = sourcecode.swift; path = ToFlatVIIChordGen.swift; sourceTree = "<group>"; };
/* End PBXFileReference section */

/* Begin PBXFrameworksBuildPhase section */
		361A5E9A19483347000B51A0 /* Frameworks */ = {
			isa = PBXFrameworksBuildPhase;
			buildActionMask = 2147483647;
			files = (
				361A5EBB1948337A000B51A0 /* AVFoundation.framework in Frameworks */,
			);
			runOnlyForDeploymentPostprocessing = 0;
		};
		361A5EA719483347000B51A0 /* Frameworks */ = {
			isa = PBXFrameworksBuildPhase;
			buildActionMask = 2147483647;
			files = (
			);
			runOnlyForDeploymentPostprocessing = 0;
		};
/* End PBXFrameworksBuildPhase section */

/* Begin PBXGroup section */
		361A5E9419483347000B51A0 = {
			isa = PBXGroup;
			children = (
				361A5EBA1948337A000B51A0 /* AVFoundation.framework */,
				361A5E9F19483347000B51A0 /* TestAudio */,
				361A5EAD19483347000B51A0 /* TestAudioTests */,
				361A5E9E19483347000B51A0 /* Products */,
			);
			sourceTree = "<group>";
		};
		361A5E9E19483347000B51A0 /* Products */ = {
			isa = PBXGroup;
			children = (
				361A5E9D19483347000B51A0 /* TestAudio.app */,
				361A5EAA19483347000B51A0 /* TestAudioTests.xctest */,
			);
			name = Products;
			sourceTree = "<group>";
		};
		361A5E9F19483347000B51A0 /* TestAudio */ = {
			isa = PBXGroup;
			children = (
				368FB13819746CFA00509FAB /* SongStructureGenerator */,
				36B973331960BB4F007BF730 /* PLMusicRepresentationHelpers */,
				362F1D0E196286E800E5D200 /* PLBasslineGenerator */,
				36AEF2AB1953F83C00ACAED1 /* PLScoreCreator */,
				361C30211953DBE700A61A63 /* PLJazzMelodyGenerator */,
				361C3018194FF4CB00A61A63 /* PLRandomHelpers */,
				361C300D194E708C00A61A63 /* PLAccurateTimer */,
				361C3010194FEF7700A61A63 /* PLJazzChordGenerator */,
				362F1D131965203700E5D200 /* PLRhythmSectionGenerator */,
				362F1D26196BA5AF00E5D200 /* PLDrumGenerator */,
				361C3003194CE25100A61A63 /* PLMusicPlayer */,
				361A5EA219483347000B51A0 /* AppDelegate.swift */,
				36B9734019613CE9007BF730 /* MainViewController.swift */,
				36B9734119613CE9007BF730 /* MainViewController.xib */,
				36A810591978785200A1E328 /* jazzBass.sf2 */,
				36A8105B1978786700A1E328 /* Piano.sf2 */,
				362F1D221968F43F00E5D200 /* sax.sf2 */,
				362F1D201968EA1700E5D200 /* trumpet.sf2 */,
				362F1D24196BA2C600E5D200 /* drums.sf2 */,
				361A5EA419483347000B51A0 /* Images.xcassets */,
				361A5EA019483347000B51A0 /* Supporting Files */,
			);
			path = TestAudio;
			sourceTree = "<group>";
		};
		361A5EA019483347000B51A0 /* Supporting Files */ = {
			isa = PBXGroup;
			children = (
				361A5EA119483347000B51A0 /* Info.plist */,
			);
			name = "Supporting Files";
			sourceTree = "<group>";
		};
		361A5EAD19483347000B51A0 /* TestAudioTests */ = {
			isa = PBXGroup;
			children = (
				361A5EB019483347000B51A0 /* TestAudioTests.swift */,
				361A5EAE19483347000B51A0 /* Supporting Files */,
			);
			path = TestAudioTests;
			sourceTree = "<group>";
		};
		361A5EAE19483347000B51A0 /* Supporting Files */ = {
			isa = PBXGroup;
			children = (
				361A5EAF19483347000B51A0 /* Info.plist */,
			);
			name = "Supporting Files";
			sourceTree = "<group>";
		};
		361C3003194CE25100A61A63 /* PLMusicPlayer */ = {
			isa = PBXGroup;
			children = (
				361C3008194CE44500A61A63 /* DataStructures */,
				361C3004194CE2CE00A61A63 /* PLMusicPlayer.swift */,
				361C300B194E4CF700A61A63 /* TestMusicPlayer.swift */,
			);
			path = PLMusicPlayer;
			sourceTree = "<group>";
		};
		361C3008194CE44500A61A63 /* DataStructures */ = {
			isa = PBXGroup;
			children = (
				361C3009194CE44500A61A63 /* PLMusicPlayerNote.swift */,
			);
			path = DataStructures;
			sourceTree = "<group>";
		};
		361C300D194E708C00A61A63 /* PLAccurateTimer */ = {
			isa = PBXGroup;
			children = (
				361C300E194E70C600A61A63 /* AccurateDispatchTimer.swift */,
			);
			path = PLAccurateTimer;
			sourceTree = "<group>";
		};
		361C3010194FEF7700A61A63 /* PLJazzChordGenerator */ = {
			isa = PBXGroup;
			children = (
				361C3011194FEF9000A61A63 /* DataStructures */,
				36A8E8FF196F0F7C0083C2F5 /* JazzChordGenerators */,
				361C3014194FF1F700A61A63 /* JazzChordGenerator.swift */,
				361C301F1952B85300A61A63 /* ChordFactory.swift */,
			);
			path = PLJazzChordGenerator;
			sourceTree = "<group>";
		};
		361C3011194FEF9000A61A63 /* DataStructures */ = {
			isa = PBXGroup;
			children = (
				361C3012194FEFC300A61A63 /* ChordData.swift */,
				361C3016194FF27E00A61A63 /* ChordMeasure.swift */,
			);
			path = DataStructures;
			sourceTree = "<group>";
		};
		361C3018194FF4CB00A61A63 /* PLRandomHelpers */ = {
			isa = PBXGroup;
			children = (
				361C3019194FF4E400A61A63 /* RandomArrayExtension.swift */,
			);
			path = PLRandomHelpers;
			sourceTree = "<group>";
		};
		361C30211953DBE700A61A63 /* PLJazzMelodyGenerator */ = {
			isa = PBXGroup;
			children = (
				361C30241953EEBA00A61A63 /* DataStructures */,
				361C30221953DBF500A61A63 /* JazzMelodyGenerator.swift */,
				36B97331195D3DC4007BF730 /* JazzMelodyGenerator2.swift */,
				36A4FCCA196E3B8700754927 /* MelodyRhythmGenerator.swift */,
			);
			path = PLJazzMelodyGenerator;
			sourceTree = "<group>";
		};
		361C30241953EEBA00A61A63 /* DataStructures */ = {
			isa = PBXGroup;
			children = (
				361C30251953EEBF00A61A63 /* MelodyMeasure.swift */,
			);
			path = DataStructures;
			sourceTree = "<group>";
		};
		362F1D0E196286E800E5D200 /* PLBasslineGenerator */ = {
			isa = PBXGroup;
			children = (
				362F1D0F196286F100E5D200 /* BasslineGenerator.swift */,
			);
			path = PLBasslineGenerator;
			sourceTree = "<group>";
		};
		362F1D131965203700E5D200 /* PLRhythmSectionGenerator */ = {
			isa = PBXGroup;
			children = (
				362F1D141965204600E5D200 /* RhythmSectionGenerator.swift */,
				368FB13619735E5500509FAB /* ChordVoicer.swift */,
			);
			path = PLRhythmSectionGenerator;
			sourceTree = "<group>";
		};
		362F1D26196BA5AF00E5D200 /* PLDrumGenerator */ = {
			isa = PBXGroup;
			children = (
				362F1D27196BA5C200E5D200 /* DrumGenerator.swift */,
			);
			path = PLDrumGenerator;
			sourceTree = "<group>";
		};
		368FB13819746CFA00509FAB /* SongStructureGenerator */ = {
			isa = PBXGroup;
			children = (
				368FB13919746D0200509FAB /* SongComposer.swift */,
			);
			path = SongStructureGenerator;
			sourceTree = "<group>";
		};
		36A8E8FF196F0F7C0083C2F5 /* JazzChordGenerators */ = {
			isa = PBXGroup;
			children = (
				36A8E900196F0FA70083C2F5 /* ChordGenProtocol.swift */,
				36A8E902196F10850083C2F5 /* TwoFiveOneChordGen.swift */,
				36F0E124196F340F009A0162 /* AscendingDimChordGen.swift */,
				36F0E126196F5EE0009A0162 /* StrayCatStrutChordGen.swift */,
				36F0E128196F723F009A0162 /* RhythmChangesOneChordGen.swift */,
				36F0E12A196F752E009A0162 /* RhythmChangesTwoChordGen.swift */,
				36F0E12C196F7AD3009A0162 /* ToFlatVIIChordGen.swift */,
				360C31BC1971B03D003D1E53 /* ClassicalStateMachineChordGen.swift */,
				36480AD9197B0B4D00AD76C0 /* SubdominantChordGen.swift */,
				36480ADB197B145900AD76C0 /* Circle5ChordGen.swift */,
			);
			path = JazzChordGenerators;
			sourceTree = "<group>";
		};
		36AEF2AB1953F83C00ACAED1 /* PLScoreCreator */ = {
			isa = PBXGroup;
			children = (
				36AEF2AC1953F84200ACAED1 /* ScoreCreator.swift */,
			);
			path = PLScoreCreator;
			sourceTree = "<group>";
		};
		36B973331960BB4F007BF730 /* PLMusicRepresentationHelpers */ = {
			isa = PBXGroup;
			children = (
				36B973341960BB75007BF730 /* MusicUtil.swift */,
				362F1D11196287F600E5D200 /* MusicUtil+Finder.swift */,
				362F1D29196BAB8200E5D200 /* MusicUtil+NotePicker.swift */,
				368FB13B197483F300509FAB /* MusicUtil+Transpose.swift */,
				368FB13D19748A6D00509FAB /* MusicUtil+Scales.swift */,
			);
			path = PLMusicRepresentationHelpers;
			sourceTree = "<group>";
		};
/* End PBXGroup section */

/* Begin PBXNativeTarget section */
		361A5E9C19483347000B51A0 /* TestAudio */ = {
			isa = PBXNativeTarget;
			buildConfigurationList = 361A5EB419483347000B51A0 /* Build configuration list for PBXNativeTarget "TestAudio" */;
			buildPhases = (
				361A5E9919483347000B51A0 /* Sources */,
				361A5E9A19483347000B51A0 /* Frameworks */,
				361A5E9B19483347000B51A0 /* Resources */,
			);
			buildRules = (
			);
			dependencies = (
			);
			name = TestAudio;
			productName = TestAudio;
			productReference = 361A5E9D19483347000B51A0 /* TestAudio.app */;
			productType = "com.apple.product-type.application";
		};
		361A5EA919483347000B51A0 /* TestAudioTests */ = {
			isa = PBXNativeTarget;
			buildConfigurationList = 361A5EB719483347000B51A0 /* Build configuration list for PBXNativeTarget "TestAudioTests" */;
			buildPhases = (
				361A5EA619483347000B51A0 /* Sources */,
				361A5EA719483347000B51A0 /* Frameworks */,
				361A5EA819483347000B51A0 /* Resources */,
			);
			buildRules = (
			);
			dependencies = (
				361A5EAC19483347000B51A0 /* PBXTargetDependency */,
			);
			name = TestAudioTests;
			productName = TestAudioTests;
			productReference = 361A5EAA19483347000B51A0 /* TestAudioTests.xctest */;
			productType = "com.apple.product-type.bundle.unit-test";
		};
/* End PBXNativeTarget section */

/* Begin PBXProject section */
		361A5E9519483347000B51A0 /* Project object */ = {
			isa = PBXProject;
			attributes = {
				LastUpgradeCheck = 0600;
				ORGANIZATIONNAME = "Peter Livesey";
				TargetAttributes = {
					361A5E9C19483347000B51A0 = {
						CreatedOnToolsVersion = 6.0;
					};
					361A5EA919483347000B51A0 = {
						CreatedOnToolsVersion = 6.0;
						TestTargetID = 361A5E9C19483347000B51A0;
					};
				};
			};
			buildConfigurationList = 361A5E9819483347000B51A0 /* Build configuration list for PBXProject "TestAudio" */;
			compatibilityVersion = "Xcode 3.2";
			developmentRegion = English;
			hasScannedForEncodings = 0;
			knownRegions = (
				en,
			);
			mainGroup = 361A5E9419483347000B51A0;
			productRefGroup = 361A5E9E19483347000B51A0 /* Products */;
			projectDirPath = "";
			projectRoot = "";
			targets = (
				361A5E9C19483347000B51A0 /* TestAudio */,
				361A5EA919483347000B51A0 /* TestAudioTests */,
			);
		};
/* End PBXProject section */

/* Begin PBXResourcesBuildPhase section */
		361A5E9B19483347000B51A0 /* Resources */ = {
			isa = PBXResourcesBuildPhase;
			buildActionMask = 2147483647;
			files = (
				36A8105C1978786700A1E328 /* Piano.sf2 in Resources */,
				361A5EA519483347000B51A0 /* Images.xcassets in Resources */,
				362F1D231968F43F00E5D200 /* sax.sf2 in Resources */,
				36B9734319613CE9007BF730 /* MainViewController.xib in Resources */,
				36A8105A1978785200A1E328 /* jazzBass.sf2 in Resources */,
				362F1D211968EA1700E5D200 /* trumpet.sf2 in Resources */,
				362F1D25196BA2C600E5D200 /* drums.sf2 in Resources */,
			);
			runOnlyForDeploymentPostprocessing = 0;
		};
		361A5EA819483347000B51A0 /* Resources */ = {
			isa = PBXResourcesBuildPhase;
			buildActionMask = 2147483647;
			files = (
			);
			runOnlyForDeploymentPostprocessing = 0;
		};
/* End PBXResourcesBuildPhase section */

/* Begin PBXSourcesBuildPhase section */
		361A5E9919483347000B51A0 /* Sources */ = {
			isa = PBXSourcesBuildPhase;
			buildActionMask = 2147483647;
			files = (
				36B973351960BB75007BF730 /* MusicUtil.swift in Sources */,
				361C3013194FEFC300A61A63 /* ChordData.swift in Sources */,
				36480ADA197B0B4D00AD76C0 /* SubdominantChordGen.swift in Sources */,
				361C30261953EEBF00A61A63 /* MelodyMeasure.swift in Sources */,
				36480ADC197B145900AD76C0 /* Circle5ChordGen.swift in Sources */,
				362F1D12196287F600E5D200 /* MusicUtil+Finder.swift in Sources */,
				361C300F194E70C600A61A63 /* AccurateDispatchTimer.swift in Sources */,
				361C3015194FF1F700A61A63 /* JazzChordGenerator.swift in Sources */,
				368FB13A19746D0200509FAB /* SongComposer.swift in Sources */,
				36A8E901196F0FA70083C2F5 /* ChordGenProtocol.swift in Sources */,
				368FB13C197483F300509FAB /* MusicUtil+Transpose.swift in Sources */,
				361C3005194CE2CE00A61A63 /* PLMusicPlayer.swift in Sources */,
				36A4FCCB196E3B8700754927 /* MelodyRhythmGenerator.swift in Sources */,
				361C300A194CE44500A61A63 /* PLMusicPlayerNote.swift in Sources */,
				362F1D2A196BAB8200E5D200 /* MusicUtil+NotePicker.swift in Sources */,
				36A8E903196F10850083C2F5 /* TwoFiveOneChordGen.swift in Sources */,
				362F1D151965204600E5D200 /* RhythmSectionGenerator.swift in Sources */,
				36B9734219613CE9007BF730 /* MainViewController.swift in Sources */,
				36F0E12B196F752E009A0162 /* RhythmChangesTwoChordGen.swift in Sources */,
				360C31BD1971B03D003D1E53 /* ClassicalStateMachineChordGen.swift in Sources */,
				361C300C194E4CF700A61A63 /* TestMusicPlayer.swift in Sources */,
				362F1D10196286F100E5D200 /* BasslineGenerator.swift in Sources */,
				361C30231953DBF500A61A63 /* JazzMelodyGenerator.swift in Sources */,
				36F0E129196F723F009A0162 /* RhythmChangesOneChordGen.swift in Sources */,
				36F0E125196F340F009A0162 /* AscendingDimChordGen.swift in Sources */,
				362F1D28196BA5C200E5D200 /* DrumGenerator.swift in Sources */,
				36F0E12D196F7AD3009A0162 /* ToFlatVIIChordGen.swift in Sources */,
				361A5EA319483347000B51A0 /* AppDelegate.swift in Sources */,
				368FB13719735E5500509FAB /* ChordVoicer.swift in Sources */,
				36AEF2AD1953F84200ACAED1 /* ScoreCreator.swift in Sources */,
				36F0E127196F5EE0009A0162 /* StrayCatStrutChordGen.swift in Sources */,
				361C30201952B85300A61A63 /* ChordFactory.swift in Sources */,
				368FB13E19748A6E00509FAB /* MusicUtil+Scales.swift in Sources */,
				36B97332195D3DC4007BF730 /* JazzMelodyGenerator2.swift in Sources */,
				361C3017194FF27E00A61A63 /* ChordMeasure.swift in Sources */,
				361C301A194FF4E400A61A63 /* RandomArrayExtension.swift in Sources */,
			);
			runOnlyForDeploymentPostprocessing = 0;
		};
		361A5EA619483347000B51A0 /* Sources */ = {
			isa = PBXSourcesBuildPhase;
			buildActionMask = 2147483647;
			files = (
				361A5EB119483347000B51A0 /* TestAudioTests.swift in Sources */,
			);
			runOnlyForDeploymentPostprocessing = 0;
		};
/* End PBXSourcesBuildPhase section */

/* Begin PBXTargetDependency section */
		361A5EAC19483347000B51A0 /* PBXTargetDependency */ = {
			isa = PBXTargetDependency;
			target = 361A5E9C19483347000B51A0 /* TestAudio */;
			targetProxy = 361A5EAB19483347000B51A0 /* PBXContainerItemProxy */;
		};
/* End PBXTargetDependency section */

/* Begin XCBuildConfiguration section */
		361A5EB219483347000B51A0 /* Debug */ = {
			isa = XCBuildConfiguration;
			buildSettings = {
				ALWAYS_SEARCH_USER_PATHS = NO;
				CLANG_CXX_LANGUAGE_STANDARD = "gnu++0x";
				CLANG_CXX_LIBRARY = "libc++";
				CLANG_ENABLE_MODULES = YES;
				CLANG_ENABLE_OBJC_ARC = YES;
				CLANG_WARN_BOOL_CONVERSION = YES;
				CLANG_WARN_CONSTANT_CONVERSION = YES;
				CLANG_WARN_DIRECT_OBJC_ISA_USAGE = YES_ERROR;
				CLANG_WARN_EMPTY_BODY = YES;
				CLANG_WARN_ENUM_CONVERSION = YES;
				CLANG_WARN_INT_CONVERSION = YES;
				CLANG_WARN_OBJC_ROOT_CLASS = YES_ERROR;
				CLANG_WARN_UNREACHABLE_CODE = YES;
				CLANG_WARN__DUPLICATE_METHOD_MATCH = YES;
				"CODE_SIGN_IDENTITY[sdk=iphoneos*]" = "iPhone Developer";
				COPY_PHASE_STRIP = NO;
				ENABLE_STRICT_OBJC_MSGSEND = YES;
				GCC_C_LANGUAGE_STANDARD = gnu99;
				GCC_DYNAMIC_NO_PIC = NO;
				GCC_OPTIMIZATION_LEVEL = 0;
				GCC_PREPROCESSOR_DEFINITIONS = (
					"DEBUG=1",
					"$(inherited)",
				);
				GCC_SYMBOLS_PRIVATE_EXTERN = NO;
				GCC_WARN_64_TO_32_BIT_CONVERSION = YES;
				GCC_WARN_ABOUT_RETURN_TYPE = YES_ERROR;
				GCC_WARN_UNDECLARED_SELECTOR = YES;
				GCC_WARN_UNINITIALIZED_AUTOS = YES_AGGRESSIVE;
				GCC_WARN_UNUSED_FUNCTION = YES;
				GCC_WARN_UNUSED_VARIABLE = YES;
				IPHONEOS_DEPLOYMENT_TARGET = 8.0;
				METAL_ENABLE_DEBUG_INFO = YES;
				ONLY_ACTIVE_ARCH = YES;
				SDKROOT = iphoneos;
				SWIFT_OPTIMIZATION_LEVEL = "-Onone";
			};
			name = Debug;
		};
		361A5EB319483347000B51A0 /* Release */ = {
			isa = XCBuildConfiguration;
			buildSettings = {
				ALWAYS_SEARCH_USER_PATHS = NO;
				CLANG_CXX_LANGUAGE_STANDARD = "gnu++0x";
				CLANG_CXX_LIBRARY = "libc++";
				CLANG_ENABLE_MODULES = YES;
				CLANG_ENABLE_OBJC_ARC = YES;
				CLANG_WARN_BOOL_CONVERSION = YES;
				CLANG_WARN_CONSTANT_CONVERSION = YES;
				CLANG_WARN_DIRECT_OBJC_ISA_USAGE = YES_ERROR;
				CLANG_WARN_EMPTY_BODY = YES;
				CLANG_WARN_ENUM_CONVERSION = YES;
				CLANG_WARN_INT_CONVERSION = YES;
				CLANG_WARN_OBJC_ROOT_CLASS = YES_ERROR;
				CLANG_WARN_UNREACHABLE_CODE = YES;
				CLANG_WARN__DUPLICATE_METHOD_MATCH = YES;
				"CODE_SIGN_IDENTITY[sdk=iphoneos*]" = "iPhone Developer";
				COPY_PHASE_STRIP = YES;
				ENABLE_NS_ASSERTIONS = NO;
				ENABLE_STRICT_OBJC_MSGSEND = YES;
				GCC_C_LANGUAGE_STANDARD = gnu99;
				GCC_WARN_64_TO_32_BIT_CONVERSION = YES;
				GCC_WARN_ABOUT_RETURN_TYPE = YES_ERROR;
				GCC_WARN_UNDECLARED_SELECTOR = YES;
				GCC_WARN_UNINITIALIZED_AUTOS = YES_AGGRESSIVE;
				GCC_WARN_UNUSED_FUNCTION = YES;
				GCC_WARN_UNUSED_VARIABLE = YES;
				IPHONEOS_DEPLOYMENT_TARGET = 8.0;
				METAL_ENABLE_DEBUG_INFO = NO;
				SDKROOT = iphoneos;
				VALIDATE_PRODUCT = YES;
			};
			name = Release;
		};
		361A5EB519483347000B51A0 /* Debug */ = {
			isa = XCBuildConfiguration;
			buildSettings = {
				ASSETCATALOG_COMPILER_APPICON_NAME = AppIcon;
				ASSETCATALOG_COMPILER_LAUNCHIMAGE_NAME = LaunchImage;
				CLANG_ENABLE_MODULES = YES;
				INFOPLIST_FILE = TestAudio/Info.plist;
				LD_RUNPATH_SEARCH_PATHS = "$(inherited) @executable_path/Frameworks";
				PRODUCT_NAME = "$(TARGET_NAME)";
				SWIFT_OBJC_BRIDGING_HEADER = "";
				SWIFT_OPTIMIZATION_LEVEL = "-Onone";
			};
			name = Debug;
		};
		361A5EB619483347000B51A0 /* Release */ = {
			isa = XCBuildConfiguration;
			buildSettings = {
				ASSETCATALOG_COMPILER_APPICON_NAME = AppIcon;
				ASSETCATALOG_COMPILER_LAUNCHIMAGE_NAME = LaunchImage;
				CLANG_ENABLE_MODULES = YES;
				INFOPLIST_FILE = TestAudio/Info.plist;
				LD_RUNPATH_SEARCH_PATHS = "$(inherited) @executable_path/Frameworks";
				PRODUCT_NAME = "$(TARGET_NAME)";
				SWIFT_OBJC_BRIDGING_HEADER = "";
			};
			name = Release;
		};
		361A5EB819483347000B51A0 /* Debug */ = {
			isa = XCBuildConfiguration;
			buildSettings = {
				BUNDLE_LOADER = "$(BUILT_PRODUCTS_DIR)/TestAudio.app/TestAudio";
				FRAMEWORK_SEARCH_PATHS = (
					"$(SDKROOT)/Developer/Library/Frameworks",
					"$(inherited)",
				);
				GCC_PREPROCESSOR_DEFINITIONS = (
					"DEBUG=1",
					"$(inherited)",
				);
				INFOPLIST_FILE = TestAudioTests/Info.plist;
				LD_RUNPATH_SEARCH_PATHS = "$(inherited) @executable_path/Frameworks @loader_path/Frameworks";
				METAL_ENABLE_DEBUG_INFO = YES;
				PRODUCT_NAME = "$(TARGET_NAME)";
				TEST_HOST = "$(BUNDLE_LOADER)";
			};
			name = Debug;
		};
		361A5EB919483347000B51A0 /* Release */ = {
			isa = XCBuildConfiguration;
			buildSettings = {
				BUNDLE_LOADER = "$(BUILT_PRODUCTS_DIR)/TestAudio.app/TestAudio";
				FRAMEWORK_SEARCH_PATHS = (
					"$(SDKROOT)/Developer/Library/Frameworks",
					"$(inherited)",
				);
				INFOPLIST_FILE = TestAudioTests/Info.plist;
				LD_RUNPATH_SEARCH_PATHS = "$(inherited) @executable_path/Frameworks @loader_path/Frameworks";
				METAL_ENABLE_DEBUG_INFO = NO;
				PRODUCT_NAME = "$(TARGET_NAME)";
				TEST_HOST = "$(BUNDLE_LOADER)";
			};
			name = Release;
		};
/* End XCBuildConfiguration section */

/* Begin XCConfigurationList section */
		361A5E9819483347000B51A0 /* Build configuration list for PBXProject "TestAudio" */ = {
			isa = XCConfigurationList;
			buildConfigurations = (
				361A5EB219483347000B51A0 /* Debug */,
				361A5EB319483347000B51A0 /* Release */,
			);
			defaultConfigurationIsVisible = 0;
			defaultConfigurationName = Release;
		};
		361A5EB419483347000B51A0 /* Build configuration list for PBXNativeTarget "TestAudio" */ = {
			isa = XCConfigurationList;
			buildConfigurations = (
				361A5EB519483347000B51A0 /* Debug */,
				361A5EB619483347000B51A0 /* Release */,
			);
			defaultConfigurationIsVisible = 0;
			defaultConfigurationName = Release;
		};
		361A5EB719483347000B51A0 /* Build configuration list for PBXNativeTarget "TestAudioTests" */ = {
			isa = XCConfigurationList;
			buildConfigurations = (
				361A5EB819483347000B51A0 /* Debug */,
				361A5EB919483347000B51A0 /* Release */,
			);
			defaultConfigurationIsVisible = 0;
			defaultConfigurationName = Release;
		};
/* End XCConfigurationList section */
	};
	rootObject = 361A5E9519483347000B51A0 /* Project object */;
}
